// !$*UTF8*$!
{
	archiveVersion = 1;
	classes = {
	};
	objectVersion = 46;
	objects = {

/* Begin PBXBuildFile section */
		3603C09F1E8B8CAA00F1BACB /* SWLeftSlidePresentationController.m in Sources */ = {isa = PBXBuildFile; fileRef = 3603C09A1E8B8CAA00F1BACB /* SWLeftSlidePresentationController.m */; };
		3603C0A01E8B8CAA00F1BACB /* SWLeftSlideTransitioningModel.m in Sources */ = {isa = PBXBuildFile; fileRef = 3603C09C1E8B8CAA00F1BACB /* SWLeftSlideTransitioningModel.m */; };
		3603C0A11E8B8CAA00F1BACB /* UIViewController+LeftSlide.m in Sources */ = {isa = PBXBuildFile; fileRef = 3603C09E1E8B8CAA00F1BACB /* UIViewController+LeftSlide.m */; };
		366D333B1E8A157900A43CFE /* main.m in Sources */ = {isa = PBXBuildFile; fileRef = 366D333A1E8A157900A43CFE /* main.m */; };
		366D333E1E8A157900A43CFE /* AppDelegate.m in Sources */ = {isa = PBXBuildFile; fileRef = 366D333D1E8A157900A43CFE /* AppDelegate.m */; };
		366D33411E8A157900A43CFE /* ViewController.m in Sources */ = {isa = PBXBuildFile; fileRef = 366D33401E8A157900A43CFE /* ViewController.m */; };
		366D33441E8A157900A43CFE /* Main.storyboard in Resources */ = {isa = PBXBuildFile; fileRef = 366D33421E8A157900A43CFE /* Main.storyboard */; };
		366D33461E8A157900A43CFE /* Assets.xcassets in Resources */ = {isa = PBXBuildFile; fileRef = 366D33451E8A157900A43CFE /* Assets.xcassets */; };
		366D33491E8A157900A43CFE /* LaunchScreen.storyboard in Resources */ = {isa = PBXBuildFile; fileRef = 366D33471E8A157900A43CFE /* LaunchScreen.storyboard */; };
		366D33521E8A17A200A43CFE /* SWLeftViewController.m in Sources */ = {isa = PBXBuildFile; fileRef = 366D33511E8A17A200A43CFE /* SWLeftViewController.m */; };
/* End PBXBuildFile section */

/* Begin PBXFileReference section */
		3603C0991E8B8CAA00F1BACB /* SWLeftSlidePresentationController.h */ = {isa = PBXFileReference; fileEncoding = 4; lastKnownFileType = sourcecode.c.h; path = SWLeftSlidePresentationController.h; sourceTree = "<group>"; };
		3603C09A1E8B8CAA00F1BACB /* SWLeftSlidePresentationController.m */ = {isa = PBXFileReference; fileEncoding = 4; lastKnownFileType = sourcecode.c.objc; path = SWLeftSlidePresentationController.m; sourceTree = "<group>"; };
		3603C09B1E8B8CAA00F1BACB /* SWLeftSlideTransitioningModel.h */ = {isa = PBXFileReference; fileEncoding = 4; lastKnownFileType = sourcecode.c.h; path = SWLeftSlideTransitioningModel.h; sourceTree = "<group>"; };
		3603C09C1E8B8CAA00F1BACB /* SWLeftSlideTransitioningModel.m */ = {isa = PBXFileReference; fileEncoding = 4; lastKnownFileType = sourcecode.c.objc; path = SWLeftSlideTransitioningModel.m; sourceTree = "<group>"; };
		3603C09D1E8B8CAA00F1BACB /* UIViewController+LeftSlide.h */ = {isa = PBXFileReference; fileEncoding = 4; lastKnownFileType = sourcecode.c.h; path = "UIViewController+LeftSlide.h"; sourceTree = "<group>"; };
		3603C09E1E8B8CAA00F1BACB /* UIViewController+LeftSlide.m */ = {isa = PBXFileReference; fileEncoding = 4; lastKnownFileType = sourcecode.c.objc; path = "UIViewController+LeftSlide.m"; sourceTree = "<group>"; };
		366D33361E8A157900A43CFE /* SWSlideController.app */ = {isa = PBXFileReference; explicitFileType = wrapper.application; includeInIndex = 0; path = SWSlideController.app; sourceTree = BUILT_PRODUCTS_DIR; };
		366D333A1E8A157900A43CFE /* main.m */ = {isa = PBXFileReference; lastKnownFileType = sourcecode.c.objc; path = main.m; sourceTree = "<group>"; };
		366D333C1E8A157900A43CFE /* AppDelegate.h */ = {isa = PBXFileReference; lastKnownFileType = sourcecode.c.h; path = AppDelegate.h; sourceTree = "<group>"; };
		366D333D1E8A157900A43CFE /* AppDelegate.m */ = {isa = PBXFileReference; lastKnownFileType = sourcecode.c.objc; path = AppDelegate.m; sourceTree = "<group>"; };
		366D333F1E8A157900A43CFE /* ViewController.h */ = {isa = PBXFileReference; lastKnownFileType = sourcecode.c.h; path = ViewController.h; sourceTree = "<group>"; };
		366D33401E8A157900A43CFE /* ViewController.m */ = {isa = PBXFileReference; lastKnownFileType = sourcecode.c.objc; path = ViewController.m; sourceTree = "<group>"; };
		366D33431E8A157900A43CFE /* Base */ = {isa = PBXFileReference; lastKnownFileType = file.storyboard; name = Base; path = Base.lproj/Main.storyboard; sourceTree = "<group>"; };
		366D33451E8A157900A43CFE /* Assets.xcassets */ = {isa = PBXFileReference; lastKnownFileType = folder.assetcatalog; path = Assets.xcassets; sourceTree = "<group>"; };
		366D33481E8A157900A43CFE /* Base */ = {isa = PBXFileReference; lastKnownFileType = file.storyboard; name = Base; path = Base.lproj/LaunchScreen.storyboard; sourceTree = "<group>"; };
		366D334A1E8A157900A43CFE /* Info.plist */ = {isa = PBXFileReference; lastKnownFileType = text.plist.xml; path = Info.plist; sourceTree = "<group>"; };
		366D33501E8A17A200A43CFE /* SWLeftViewController.h */ = {isa = PBXFileReference; fileEncoding = 4; lastKnownFileType = sourcecode.c.h; path = SWLeftViewController.h; sourceTree = "<group>"; };
		366D33511E8A17A200A43CFE /* SWLeftViewController.m */ = {isa = PBXFileReference; fileEncoding = 4; lastKnownFileType = sourcecode.c.objc; path = SWLeftViewController.m; sourceTree = "<group>"; };
/* End PBXFileReference section */

/* Begin PBXFrameworksBuildPhase section */
		366D33331E8A157900A43CFE /* Frameworks */ = {
			isa = PBXFrameworksBuildPhase;
			buildActionMask = 2147483647;
			files = (
			);
			runOnlyForDeploymentPostprocessing = 0;
		};
/* End PBXFrameworksBuildPhase section */

/* Begin PBXGroup section */
		3603C0981E8B8BF100F1BACB /* SWSlideController */ = {
			isa = PBXGroup;
			children = (
				3603C0991E8B8CAA00F1BACB /* SWLeftSlidePresentationController.h */,
				3603C09A1E8B8CAA00F1BACB /* SWLeftSlidePresentationController.m */,
				3603C09B1E8B8CAA00F1BACB /* SWLeftSlideTransitioningModel.h */,
				3603C09C1E8B8CAA00F1BACB /* SWLeftSlideTransitioningModel.m */,
				3603C09D1E8B8CAA00F1BACB /* UIViewController+LeftSlide.h */,
				3603C09E1E8B8CAA00F1BACB /* UIViewController+LeftSlide.m */,
			);
			path = SWSlideController;
			sourceTree = "<group>";
		};
		366D332D1E8A157900A43CFE = {
			isa = PBXGroup;
			children = (
				366D33381E8A157900A43CFE /* SWSlideController */,
				366D33371E8A157900A43CFE /* Products */,
			);
			sourceTree = "<group>";
		};
		366D33371E8A157900A43CFE /* Products */ = {
			isa = PBXGroup;
			children = (
				366D33361E8A157900A43CFE /* SWSlideController.app */,
			);
			name = Products;
			sourceTree = "<group>";
		};
		366D33381E8A157900A43CFE /* SWSlideController */ = {
			isa = PBXGroup;
			children = (
				3603C0981E8B8BF100F1BACB /* SWSlideController */,
				366D333C1E8A157900A43CFE /* AppDelegate.h */,
				366D333D1E8A157900A43CFE /* AppDelegate.m */,
				366D333F1E8A157900A43CFE /* ViewController.h */,
				366D33401E8A157900A43CFE /* ViewController.m */,
				366D33501E8A17A200A43CFE /* SWLeftViewController.h */,
				366D33511E8A17A200A43CFE /* SWLeftViewController.m */,
				366D33421E8A157900A43CFE /* Main.storyboard */,
				366D33451E8A157900A43CFE /* Assets.xcassets */,
				366D33471E8A157900A43CFE /* LaunchScreen.storyboard */,
				366D334A1E8A157900A43CFE /* Info.plist */,
				366D33391E8A157900A43CFE /* Supporting Files */,
			);
			path = SWSlideController;
			sourceTree = "<group>";
		};
		366D33391E8A157900A43CFE /* Supporting Files */ = {
			isa = PBXGroup;
			children = (
				366D333A1E8A157900A43CFE /* main.m */,
			);
			name = "Supporting Files";
			sourceTree = "<group>";
		};
/* End PBXGroup section */

/* Begin PBXNativeTarget section */
		366D33351E8A157900A43CFE /* SWSlideController */ = {
			isa = PBXNativeTarget;
			buildConfigurationList = 366D334D1E8A157900A43CFE /* Build configuration list for PBXNativeTarget "SWSlideController" */;
			buildPhases = (
				366D33321E8A157900A43CFE /* Sources */,
				366D33331E8A157900A43CFE /* Frameworks */,
				366D33341E8A157900A43CFE /* Resources */,
			);
			buildRules = (
			);
			dependencies = (
			);
			name = SWSlideController;
			productName = SWSlideController;
			productReference = 366D33361E8A157900A43CFE /* SWSlideController.app */;
			productType = "com.apple.product-type.application";
		};
/* End PBXNativeTarget section */

/* Begin PBXProject section */
		366D332E1E8A157900A43CFE /* Project object */ = {
			isa = PBXProject;
			attributes = {
				LastUpgradeCheck = 0830;
				ORGANIZATIONNAME = Yidu;
				TargetAttributes = {
					366D33351E8A157900A43CFE = {
						CreatedOnToolsVersion = 8.3;
						DevelopmentTeam = T2KGXA54VS;
						ProvisioningStyle = Automatic;
					};
				};
			};
			buildConfigurationList = 366D33311E8A157900A43CFE /* Build configuration list for PBXProject "SWSlideController" */;
			compatibilityVersion = "Xcode 3.2";
			developmentRegion = English;
			hasScannedForEncodings = 0;
			knownRegions = (
				en,
				Base,
			);
			mainGroup = 366D332D1E8A157900A43CFE;
			productRefGroup = 366D33371E8A157900A43CFE /* Products */;
			projectDirPath = "";
			projectRoot = "";
			targets = (
				366D33351E8A157900A43CFE /* SWSlideController */,
			);
		};
/* End PBXProject section */

/* Begin PBXResourcesBuildPhase section */
		366D33341E8A157900A43CFE /* Resources */ = {
			isa = PBXResourcesBuildPhase;
			buildActionMask = 2147483647;
			files = (
				366D33491E8A157900A43CFE /* LaunchScreen.storyboard in Resources */,
				366D33461E8A157900A43CFE /* Assets.xcassets in Resources */,
				366D33441E8A157900A43CFE /* Main.storyboard in Resources */,
			);
			runOnlyForDeploymentPostprocessing = 0;
		};
/* End PBXResourcesBuildPhase section */

/* Begin PBXSourcesBuildPhase section */
		366D33321E8A157900A43CFE /* Sources */ = {
			isa = PBXSourcesBuildPhase;
			buildActionMask = 2147483647;
			files = (
				366D33411E8A157900A43CFE /* ViewController.m in Sources */,
				366D33521E8A17A200A43CFE /* SWLeftViewController.m in Sources */,
				3603C0A11E8B8CAA00F1BACB /* UIViewController+LeftSlide.m in Sources */,
				366D333E1E8A157900A43CFE /* AppDelegate.m in Sources */,
				3603C09F1E8B8CAA00F1BACB /* SWLeftSlidePresentationController.m in Sources */,
				3603C0A01E8B8CAA00F1BACB /* SWLeftSlideTransitioningModel.m in Sources */,
				366D333B1E8A157900A43CFE /* main.m in Sources */,
			);
			runOnlyForDeploymentPostprocessing = 0;
		};
/* End PBXSourcesBuildPhase section */

/* Begin PBXVariantGroup section */
		366D33421E8A157900A43CFE /* Main.storyboard */ = {
			isa = PBXVariantGroup;
			children = (
				366D33431E8A157900A43CFE /* Base */,
			);
			name = Main.storyboard;
			sourceTree = "<group>";
		};
		366D33471E8A157900A43CFE /* LaunchScreen.storyboard */ = {
			isa = PBXVariantGroup;
			children = (
				366D33481E8A157900A43CFE /* Base */,
			);
			name = LaunchScreen.storyboard;
			sourceTree = "<group>";
		};
/* End PBXVariantGroup section */

/* Begin XCBuildConfiguration section */
		366D334B1E8A157900A43CFE /* Debug */ = {
			isa = XCBuildConfiguration;
			buildSettings = {
				ALWAYS_SEARCH_USER_PATHS = NO;
				CLANG_ANALYZER_NONNULL = YES;
				CLANG_ANALYZER_NUMBER_OBJECT_CONVERSION = YES_AGGRESSIVE;
				CLANG_CXX_LANGUAGE_STANDARD = "gnu++0x";
				CLANG_CXX_LIBRARY = "libc++";
				CLANG_ENABLE_MODULES = YES;
				CLANG_ENABLE_OBJC_ARC = YES;
				CLANG_WARN_BOOL_CONVERSION = YES;
				CLANG_WARN_CONSTANT_CONVERSION = YES;
				CLANG_WARN_DIRECT_OBJC_ISA_USAGE = YES_ERROR;
				CLANG_WARN_DOCUMENTATION_COMMENTS = YES;
				CLANG_WARN_EMPTY_BODY = YES;
				CLANG_WARN_ENUM_CONVERSION = YES;
				CLANG_WARN_INFINITE_RECURSION = YES;
				CLANG_WARN_INT_CONVERSION = YES;
				CLANG_WARN_OBJC_ROOT_CLASS = YES_ERROR;
				CLANG_WARN_SUSPICIOUS_MOVE = YES;
				CLANG_WARN_UNREACHABLE_CODE = YES;
				CLANG_WARN__DUPLICATE_METHOD_MATCH = YES;
				"CODE_SIGN_IDENTITY[sdk=iphoneos*]" = "iPhone Developer";
				COPY_PHASE_STRIP = NO;
				DEBUG_INFORMATION_FORMAT = dwarf;
				ENABLE_STRICT_OBJC_MSGSEND = YES;
				ENABLE_TESTABILITY = YES;
				GCC_C_LANGUAGE_STANDARD = gnu99;
				GCC_DYNAMIC_NO_PIC = NO;
				GCC_NO_COMMON_BLOCKS = YES;
				GCC_OPTIMIZATION_LEVEL = 0;
				GCC_PREPROCESSOR_DEFINITIONS = (
					"DEBUG=1",
					"$(inherited)",
				);
				GCC_WARN_64_TO_32_BIT_CONVERSION = YES;
				GCC_WARN_ABOUT_RETURN_TYPE = YES_ERROR;
				GCC_WARN_UNDECLARED_SELECTOR = YES;
				GCC_WARN_UNINITIALIZED_AUTOS = YES_AGGRESSIVE;
				GCC_WARN_UNUSED_FUNCTION = YES;
				GCC_WARN_UNUSED_VARIABLE = YES;
				IPHONEOS_DEPLOYMENT_TARGET = 10.3;
				MTL_ENABLE_DEBUG_INFO = YES;
				ONLY_ACTIVE_ARCH = YES;
				SDKROOT = iphoneos;
			};
			name = Debug;
		};
		366D334C1E8A157900A43CFE /* Release */ = {
			isa = XCBuildConfiguration;
			buildSettings = {
				ALWAYS_SEARCH_USER_PATHS = NO;
				CLANG_ANALYZER_NONNULL = YES;
				CLANG_ANALYZER_NUMBER_OBJECT_CONVERSION = YES_AGGRESSIVE;
				CLANG_CXX_LANGUAGE_STANDARD = "gnu++0x";
				CLANG_CXX_LIBRARY = "libc++";
				CLANG_ENABLE_MODULES = YES;
				CLANG_ENABLE_OBJC_ARC = YES;
				CLANG_WARN_BOOL_CONVERSION = YES;
				CLANG_WARN_CONSTANT_CONVERSION = YES;
				CLANG_WARN_DIRECT_OBJC_ISA_USAGE = YES_ERROR;
				CLANG_WARN_DOCUMENTATION_COMMENTS = YES;
				CLANG_WARN_EMPTY_BODY = YES;
				CLANG_WARN_ENUM_CONVERSION = YES;
				CLANG_WARN_INFINITE_RECURSION = YES;
				CLANG_WARN_INT_CONVERSION = YES;
				CLANG_WARN_OBJC_ROOT_CLASS = YES_ERROR;
				CLANG_WARN_SUSPICIOUS_MOVE = YES;
				CLANG_WARN_UNREACHABLE_CODE = YES;
				CLANG_WARN__DUPLICATE_METHOD_MATCH = YES;
				"CODE_SIGN_IDENTITY[sdk=iphoneos*]" = "iPhone Developer";
				COPY_PHASE_STRIP = NO;
				DEBUG_INFORMATION_FORMAT = "dwarf-with-dsym";
				ENABLE_NS_ASSERTIONS = NO;
				ENABLE_STRICT_OBJC_MSGSEND = YES;
				GCC_C_LANGUAGE_STANDARD = gnu99;
				GCC_NO_COMMON_BLOCKS = YES;
				GCC_WARN_64_TO_32_BIT_CONVERSION = YES;
				GCC_WARN_ABOUT_RETURN_TYPE = YES_ERROR;
				GCC_WARN_UNDECLARED_SELECTOR = YES;
				GCC_WARN_UNINITIALIZED_AUTOS = YES_AGGRESSIVE;
				GCC_WARN_UNUSED_FUNCTION = YES;
				GCC_WARN_UNUSED_VARIABLE = YES;
				IPHONEOS_DEPLOYMENT_TARGET = 10.3;
				MTL_ENABLE_DEBUG_INFO = NO;
				SDKROOT = iphoneos;
				VALIDATE_PRODUCT = YES;
			};
			name = Release;
		};
		366D334E1E8A157900A43CFE /* Debug */ = {
			isa = XCBuildConfiguration;
			buildSettings = {
				ASSETCATALOG_COMPILER_APPICON_NAME = AppIcon;
				DEVELOPMENT_TEAM = T2KGXA54VS;
				INFOPLIST_FILE = SWSlideController/Info.plist;
				IPHONEOS_DEPLOYMENT_TARGET = 8.0;
				LD_RUNPATH_SEARCH_PATHS = "$(inherited) @executable_path/Frameworks";
				PRODUCT_BUNDLE_IDENTIFIER = com.loko.SWSlideController;
				PRODUCT_NAME = "$(TARGET_NAME)";
			};
			name = Debug;
		};
		366D334F1E8A157900A43CFE /* Release */ = {
			isa = XCBuildConfiguration;
			buildSettings = {
				ASSETCATALOG_COMPILER_APPICON_NAME = AppIcon;
				DEVELOPMENT_TEAM = T2KGXA54VS;
				INFOPLIST_FILE = SWSlideController/Info.plist;
				IPHONEOS_DEPLOYMENT_TARGET = 8.0;
				LD_RUNPATH_SEARCH_PATHS = "$(inherited) @executable_path/Frameworks";
				PRODUCT_BUNDLE_IDENTIFIER = com.loko.SWSlideController;
				PRODUCT_NAME = "$(TARGET_NAME)";
			};
			name = Release;
		};
/* End XCBuildConfiguration section */

/* Begin XCConfigurationList section */
		366D33311E8A157900A43CFE /* Build configuration list for PBXProject "SWSlideController" */ = {
			isa = XCConfigurationList;
			buildConfigurations = (
				366D334B1E8A157900A43CFE /* Debug */,
				366D334C1E8A157900A43CFE /* Release */,
			);
			defaultConfigurationIsVisible = 0;
			defaultConfigurationName = Release;
		};
		366D334D1E8A157900A43CFE /* Build configuration list for PBXNativeTarget "SWSlideController" */ = {
			isa = XCConfigurationList;
			buildConfigurations = (
				366D334E1E8A157900A43CFE /* Debug */,
				366D334F1E8A157900A43CFE /* Release */,
			);
			defaultConfigurationIsVisible = 0;
			defaultConfigurationName = Release;
		};
/* End XCConfigurationList section */
	};
	rootObject = 366D332E1E8A157900A43CFE /* Project object */;
}
